
Microsoft Visual Studio Solution File, Format Version 12.00
# Visual Studio Version 16
VisualStudioVersion = 16.0.30907.101
MinimumVisualStudioVersion = 10.0.40219.1
Project("{9A19103F-16F7-4668-BE54-9A1E7A4F7556}") = "Case03", "Case03\Case03.csproj", "{E2C9B8CD-E519-45E6-968F-2AC623C1742D}"
EndProject
Project("{9A19103F-16F7-4668-BE54-9A1E7A4F7556}") = "Case01", "Case01\Case01.csproj", "{BE0339CF-ABDF-41AC-B124-2FBF304B1D2A}"
EndProject
Project("{9A19103F-16F7-4668-BE54-9A1E7A4F7556}") = "Case02", "Case02\Case02.csproj", "{9F8EC027-00E6-4D3F-8D91-660B13326030}"
EndProject
Project("{9A19103F-16F7-4668-BE54-9A1E7A4F7556}") = "Case04", "Case04\Case04.csproj", "{0524ACE5-28A8-4DD5-853B-5F766E989E13}"
EndProject
Project("{9A19103F-16F7-4668-BE54-9A1E7A4F7556}") = "Case04_using_Converter", "Case04_using_Converter\Case04_using_Converter.csproj", "{8AF5BF60-1AA3-422F-88B0-8A9B24981BE1}"
EndProject
Global
	GlobalSection(SolutionConfigurationPlatforms) = preSolution
		Debug|Any CPU = Debug|Any CPU
		Release|Any CPU = Release|Any CPU
	EndGlobalSection
	GlobalSection(ProjectConfigurationPlatforms) = postSolution
		{E2C9B8CD-E519-45E6-968F-2AC623C1742D}.Debug|Any CPU.ActiveCfg = Debug|Any CPU
		{E2C9B8CD-E519-45E6-968F-2AC623C1742D}.Debug|Any CPU.Build.0 = Debug|Any CPU
		{E2C9B8CD-E519-45E6-968F-2AC623C1742D}.Release|Any CPU.ActiveCfg = Release|Any CPU
		{E2C9B8CD-E519-45E6-968F-2AC623C1742D}.Release|Any CPU.Build.0 = Release|Any CPU
		{BE0339CF-ABDF-41AC-B124-2FBF304B1D2A}.Debug|Any CPU.ActiveCfg = Debug|Any CPU
		{BE0339CF-ABDF-41AC-B124-2FBF304B1D2A}.Debug|Any CPU.Build.0 = Debug|Any CPU
		{BE0339CF-ABDF-41AC-B124-2FBF304B1D2A}.Release|Any CPU.ActiveCfg = Release|Any CPU
		{BE0339CF-ABDF-41AC-B124-2FBF304B1D2A}.Release|Any CPU.Build.0 = Release|Any CPU
		{9F8EC027-00E6-4D3F-8D91-660B13326030}.Debug|Any CPU.ActiveCfg = Debug|Any CPU
		{9F8EC027-00E6-4D3F-8D91-660B13326030}.Debug|Any CPU.Build.0 = Debug|Any CPU
		{9F8EC027-00E6-4D3F-8D91-660B13326030}.Release|Any CPU.ActiveCfg = Release|Any CPU
		{9F8EC027-00E6-4D3F-8D91-660B13326030}.Release|Any CPU.Build.0 = Release|Any CPU
		{0524ACE5-28A8-4DD5-853B-5F766E989E13}.Debug|Any CPU.ActiveCfg = Debug|Any CPU
		{0524ACE5-28A8-4DD5-853B-5F766E989E13}.Debug|Any CPU.Build.0 = Debug|Any CPU
		{0524ACE5-28A8-4DD5-853B-5F766E989E13}.Release|Any CPU.ActiveCfg = Release|Any CPU
		{0524ACE5-28A8-4DD5-853B-5F766E989E13}.Release|Any CPU.Build.0 = Release|Any CPU
		{8AF5BF60-1AA3-422F-88B0-8A9B24981BE1}.Debug|Any CPU.ActiveCfg = Debug|Any CPU
		{8AF5BF60-1AA3-422F-88B0-8A9B24981BE1}.Debug|Any CPU.Build.0 = Debug|Any CPU
		{8AF5BF60-1AA3-422F-88B0-8A9B24981BE1}.Release|Any CPU.ActiveCfg = Release|Any CPU
		{8AF5BF60-1AA3-422F-88B0-8A9B24981BE1}.Release|Any CPU.Build.0 = Release|Any CPU
	EndGlobalSection
	GlobalSection(SolutionProperties) = preSolution
		HideSolutionNode = FALSE
	EndGlobalSection
	GlobalSection(ExtensibilityGlobals) = postSolution
		SolutionGuid = {EF572900-9C7F-46E0-A3F1-0B15AC2827BE}
	EndGlobalSection
EndGlobal
